// !$*UTF8*$!
{
	archiveVersion = 1;
	classes = {
	};
	objectVersion = 50;
	objects = {

/* Begin PBXBuildFile section */
		FF629975257987A500B61AE1 /* AppDelegate.swift in Sources */ = {isa = PBXBuildFile; fileRef = FF629974257987A500B61AE1 /* AppDelegate.swift */; };
		FF62997E257987A900B61AE1 /* Assets.xcassets in Resources */ = {isa = PBXBuildFile; fileRef = FF62997D257987A900B61AE1 /* Assets.xcassets */; };
		FF629981257987A900B61AE1 /* LaunchScreen.storyboard in Resources */ = {isa = PBXBuildFile; fileRef = FF62997F257987A900B61AE1 /* LaunchScreen.storyboard */; };
		FF62998C257987AA00B61AE1 /* TelstraCodingChallengeTests.swift in Sources */ = {isa = PBXBuildFile; fileRef = FF62998B257987AA00B61AE1 /* TelstraCodingChallengeTests.swift */; };
		FF62999C25798B6400B61AE1 /* Actions.swift in Sources */ = {isa = PBXBuildFile; fileRef = FF62999925798B6400B61AE1 /* Actions.swift */; };
		FF62999D25798B6400B61AE1 /* Localizable.swift in Sources */ = {isa = PBXBuildFile; fileRef = FF62999A25798B6400B61AE1 /* Localizable.swift */; };
		FF62999E25798B6400B61AE1 /* Optional+isNil.swift in Sources */ = {isa = PBXBuildFile; fileRef = FF62999B25798B6400B61AE1 /* Optional+isNil.swift */; };
		FF6299A325798B7900B61AE1 /* Display.swift in Sources */ = {isa = PBXBuildFile; fileRef = FF6299A025798B7900B61AE1 /* Display.swift */; };
		FF6299A425798B7900B61AE1 /* LoadingDisplaying.swift in Sources */ = {isa = PBXBuildFile; fileRef = FF6299A125798B7900B61AE1 /* LoadingDisplaying.swift */; };
		FF6299A525798B7900B61AE1 /* TitleDisplaying.swift in Sources */ = {isa = PBXBuildFile; fileRef = FF6299A225798B7900B61AE1 /* TitleDisplaying.swift */; };
		FF6299AB25798B8E00B61AE1 /* DataResult.swift in Sources */ = {isa = PBXBuildFile; fileRef = FF6299A725798B8E00B61AE1 /* DataResult.swift */; };
		FF6299AC25798B8E00B61AE1 /* API.swift in Sources */ = {isa = PBXBuildFile; fileRef = FF6299A825798B8E00B61AE1 /* API.swift */; };
		FF6299AD25798B8E00B61AE1 /* APIManaging.swift in Sources */ = {isa = PBXBuildFile; fileRef = FF6299A925798B8E00B61AE1 /* APIManaging.swift */; };
		FF6299AE25798B8E00B61AE1 /* HTTPMethod.swift in Sources */ = {isa = PBXBuildFile; fileRef = FF6299AA25798B8E00B61AE1 /* HTTPMethod.swift */; };
		FF6299B225798B9E00B61AE1 /* Reusable.swift in Sources */ = {isa = PBXBuildFile; fileRef = FF6299B025798B9E00B61AE1 /* Reusable.swift */; };
		FF6299B325798B9E00B61AE1 /* CellDisplayable.swift in Sources */ = {isa = PBXBuildFile; fileRef = FF6299B125798B9E00B61AE1 /* CellDisplayable.swift */; };
		FF6299BA25798BAF00B61AE1 /* UIView+Embed.swift in Sources */ = {isa = PBXBuildFile; fileRef = FF6299B525798BAF00B61AE1 /* UIView+Embed.swift */; };
		FF6299BB25798BAF00B61AE1 /* UIImageView+Extensions.swift in Sources */ = {isa = PBXBuildFile; fileRef = FF6299B625798BAF00B61AE1 /* UIImageView+Extensions.swift */; };
		FF6299BC25798BAF00B61AE1 /* UIRefreshControl+Extensions.swift in Sources */ = {isa = PBXBuildFile; fileRef = FF6299B725798BAF00B61AE1 /* UIRefreshControl+Extensions.swift */; };
		FF6299BD25798BAF00B61AE1 /* UIColor+Extensions.swift in Sources */ = {isa = PBXBuildFile; fileRef = FF6299B825798BAF00B61AE1 /* UIColor+Extensions.swift */; };
		FF6299BE25798BAF00B61AE1 /* UIFont+Extensions.swift in Sources */ = {isa = PBXBuildFile; fileRef = FF6299B925798BAF00B61AE1 /* UIFont+Extensions.swift */; };
/* End PBXBuildFile section */

/* Begin PBXContainerItemProxy section */
		FF629988257987AA00B61AE1 /* PBXContainerItemProxy */ = {
			isa = PBXContainerItemProxy;
			containerPortal = FF629969257987A400B61AE1 /* Project object */;
			proxyType = 1;
			remoteGlobalIDString = FF629970257987A500B61AE1;
			remoteInfo = TelstraCodingChallenge;
		};
/* End PBXContainerItemProxy section */

/* Begin PBXFileReference section */
		FF629971257987A500B61AE1 /* TelstraCodingChallenge.app */ = {isa = PBXFileReference; explicitFileType = wrapper.application; includeInIndex = 0; path = TelstraCodingChallenge.app; sourceTree = BUILT_PRODUCTS_DIR; };
		FF629974257987A500B61AE1 /* AppDelegate.swift */ = {isa = PBXFileReference; lastKnownFileType = sourcecode.swift; path = AppDelegate.swift; sourceTree = "<group>"; };
		FF62997D257987A900B61AE1 /* Assets.xcassets */ = {isa = PBXFileReference; lastKnownFileType = folder.assetcatalog; path = Assets.xcassets; sourceTree = "<group>"; };
		FF629980257987A900B61AE1 /* Base */ = {isa = PBXFileReference; lastKnownFileType = file.storyboard; name = Base; path = Base.lproj/LaunchScreen.storyboard; sourceTree = "<group>"; };
		FF629982257987A900B61AE1 /* Info.plist */ = {isa = PBXFileReference; lastKnownFileType = text.plist.xml; path = Info.plist; sourceTree = "<group>"; };
		FF629987257987AA00B61AE1 /* TelstraCodingChallengeTests.xctest */ = {isa = PBXFileReference; explicitFileType = wrapper.cfbundle; includeInIndex = 0; path = TelstraCodingChallengeTests.xctest; sourceTree = BUILT_PRODUCTS_DIR; };
		FF62998B257987AA00B61AE1 /* TelstraCodingChallengeTests.swift */ = {isa = PBXFileReference; lastKnownFileType = sourcecode.swift; path = TelstraCodingChallengeTests.swift; sourceTree = "<group>"; };
		FF62998D257987AA00B61AE1 /* Info.plist */ = {isa = PBXFileReference; lastKnownFileType = text.plist.xml; path = Info.plist; sourceTree = "<group>"; };
		FF62999925798B6400B61AE1 /* Actions.swift */ = {isa = PBXFileReference; fileEncoding = 4; lastKnownFileType = sourcecode.swift; path = Actions.swift; sourceTree = "<group>"; };
		FF62999A25798B6400B61AE1 /* Localizable.swift */ = {isa = PBXFileReference; fileEncoding = 4; lastKnownFileType = sourcecode.swift; path = Localizable.swift; sourceTree = "<group>"; };
		FF62999B25798B6400B61AE1 /* Optional+isNil.swift */ = {isa = PBXFileReference; fileEncoding = 4; lastKnownFileType = sourcecode.swift; path = "Optional+isNil.swift"; sourceTree = "<group>"; };
		FF6299A025798B7900B61AE1 /* Display.swift */ = {isa = PBXFileReference; fileEncoding = 4; lastKnownFileType = sourcecode.swift; path = Display.swift; sourceTree = "<group>"; };
		FF6299A125798B7900B61AE1 /* LoadingDisplaying.swift */ = {isa = PBXFileReference; fileEncoding = 4; lastKnownFileType = sourcecode.swift; path = LoadingDisplaying.swift; sourceTree = "<group>"; };
		FF6299A225798B7900B61AE1 /* TitleDisplaying.swift */ = {isa = PBXFileReference; fileEncoding = 4; lastKnownFileType = sourcecode.swift; path = TitleDisplaying.swift; sourceTree = "<group>"; };
		FF6299A725798B8E00B61AE1 /* DataResult.swift */ = {isa = PBXFileReference; fileEncoding = 4; lastKnownFileType = sourcecode.swift; path = DataResult.swift; sourceTree = "<group>"; };
		FF6299A825798B8E00B61AE1 /* API.swift */ = {isa = PBXFileReference; fileEncoding = 4; lastKnownFileType = sourcecode.swift; path = API.swift; sourceTree = "<group>"; };
		FF6299A925798B8E00B61AE1 /* APIManaging.swift */ = {isa = PBXFileReference; fileEncoding = 4; lastKnownFileType = sourcecode.swift; path = APIManaging.swift; sourceTree = "<group>"; };
		FF6299AA25798B8E00B61AE1 /* HTTPMethod.swift */ = {isa = PBXFileReference; fileEncoding = 4; lastKnownFileType = sourcecode.swift; path = HTTPMethod.swift; sourceTree = "<group>"; };
		FF6299B025798B9E00B61AE1 /* Reusable.swift */ = {isa = PBXFileReference; fileEncoding = 4; lastKnownFileType = sourcecode.swift; path = Reusable.swift; sourceTree = "<group>"; };
		FF6299B125798B9E00B61AE1 /* CellDisplayable.swift */ = {isa = PBXFileReference; fileEncoding = 4; lastKnownFileType = sourcecode.swift; path = CellDisplayable.swift; sourceTree = "<group>"; };
		FF6299B525798BAF00B61AE1 /* UIView+Embed.swift */ = {isa = PBXFileReference; fileEncoding = 4; lastKnownFileType = sourcecode.swift; path = "UIView+Embed.swift"; sourceTree = "<group>"; };
		FF6299B625798BAF00B61AE1 /* UIImageView+Extensions.swift */ = {isa = PBXFileReference; fileEncoding = 4; lastKnownFileType = sourcecode.swift; path = "UIImageView+Extensions.swift"; sourceTree = "<group>"; };
		FF6299B725798BAF00B61AE1 /* UIRefreshControl+Extensions.swift */ = {isa = PBXFileReference; fileEncoding = 4; lastKnownFileType = sourcecode.swift; path = "UIRefreshControl+Extensions.swift"; sourceTree = "<group>"; };
		FF6299B825798BAF00B61AE1 /* UIColor+Extensions.swift */ = {isa = PBXFileReference; fileEncoding = 4; lastKnownFileType = sourcecode.swift; path = "UIColor+Extensions.swift"; sourceTree = "<group>"; };
		FF6299B925798BAF00B61AE1 /* UIFont+Extensions.swift */ = {isa = PBXFileReference; fileEncoding = 4; lastKnownFileType = sourcecode.swift; path = "UIFont+Extensions.swift"; sourceTree = "<group>"; };
/* End PBXFileReference section */

/* Begin PBXFrameworksBuildPhase section */
		FF62996E257987A500B61AE1 /* Frameworks */ = {
			isa = PBXFrameworksBuildPhase;
			buildActionMask = 2147483647;
			files = (
			);
			runOnlyForDeploymentPostprocessing = 0;
		};
		FF629984257987AA00B61AE1 /* Frameworks */ = {
			isa = PBXFrameworksBuildPhase;
			buildActionMask = 2147483647;
			files = (
			);
			runOnlyForDeploymentPostprocessing = 0;
		};
/* End PBXFrameworksBuildPhase section */

/* Begin PBXGroup section */
		FF629968257987A400B61AE1 = {
			isa = PBXGroup;
			children = (
				FF629973257987A500B61AE1 /* TelstraCodingChallenge */,
				FF62998A257987AA00B61AE1 /* TelstraCodingChallengeTests */,
				FF629972257987A500B61AE1 /* Products */,
			);
			sourceTree = "<group>";
		};
		FF629972257987A500B61AE1 /* Products */ = {
			isa = PBXGroup;
			children = (
				FF629971257987A500B61AE1 /* TelstraCodingChallenge.app */,
				FF629987257987AA00B61AE1 /* TelstraCodingChallengeTests.xctest */,
			);
			name = Products;
			sourceTree = "<group>";
		};
		FF629973257987A500B61AE1 /* TelstraCodingChallenge */ = {
			isa = PBXGroup;
			children = (
				FF62999825798AFD00B61AE1 /* Helpers */,
				FF629974257987A500B61AE1 /* AppDelegate.swift */,
				FF62997D257987A900B61AE1 /* Assets.xcassets */,
				FF62997F257987A900B61AE1 /* LaunchScreen.storyboard */,
				FF629982257987A900B61AE1 /* Info.plist */,
			);
			path = TelstraCodingChallenge;
			sourceTree = "<group>";
		};
		FF62998A257987AA00B61AE1 /* TelstraCodingChallengeTests */ = {
			isa = PBXGroup;
			children = (
				FF62998B257987AA00B61AE1 /* TelstraCodingChallengeTests.swift */,
				FF62998D257987AA00B61AE1 /* Info.plist */,
			);
			path = TelstraCodingChallengeTests;
			sourceTree = "<group>";
		};
		FF62999825798AFD00B61AE1 /* Helpers */ = {
			isa = PBXGroup;
			children = (
				FF62999925798B6400B61AE1 /* Actions.swift */,
				FF62999A25798B6400B61AE1 /* Localizable.swift */,
				FF62999B25798B6400B61AE1 /* Optional+isNil.swift */,
				FF62999F25798B6700B61AE1 /* Display */,
				FF6299A625798B7C00B61AE1 /* Networking */,
				FF6299AF25798B9100B61AE1 /* Protocols */,
				FF6299B425798BA000B61AE1 /* UIKit */,
			);
			path = Helpers;
			sourceTree = "<group>";
		};
		FF62999F25798B6700B61AE1 /* Display */ = {
			isa = PBXGroup;
			children = (
				FF6299A025798B7900B61AE1 /* Display.swift */,
				FF6299A125798B7900B61AE1 /* LoadingDisplaying.swift */,
				FF6299A225798B7900B61AE1 /* TitleDisplaying.swift */,
			);
			name = Display;
			sourceTree = "<group>";
		};
		FF6299A625798B7C00B61AE1 /* Networking */ = {
			isa = PBXGroup;
			children = (
				FF6299A825798B8E00B61AE1 /* API.swift */,
				FF6299A925798B8E00B61AE1 /* APIManaging.swift */,
				FF6299A725798B8E00B61AE1 /* DataResult.swift */,
				FF6299AA25798B8E00B61AE1 /* HTTPMethod.swift */,
			);
			name = Networking;
			sourceTree = "<group>";
		};
		FF6299AF25798B9100B61AE1 /* Protocols */ = {
			isa = PBXGroup;
			children = (
				FF6299B125798B9E00B61AE1 /* CellDisplayable.swift */,
				FF6299B025798B9E00B61AE1 /* Reusable.swift */,
			);
			name = Protocols;
			sourceTree = "<group>";
		};
		FF6299B425798BA000B61AE1 /* UIKit */ = {
			isa = PBXGroup;
			children = (
				FF6299B825798BAF00B61AE1 /* UIColor+Extensions.swift */,
				FF6299B925798BAF00B61AE1 /* UIFont+Extensions.swift */,
				FF6299B625798BAF00B61AE1 /* UIImageView+Extensions.swift */,
				FF6299B725798BAF00B61AE1 /* UIRefreshControl+Extensions.swift */,
				FF6299B525798BAF00B61AE1 /* UIView+Embed.swift */,
			);
			name = UIKit;
			sourceTree = "<group>";
		};
/* End PBXGroup section */

/* Begin PBXNativeTarget section */
		FF629970257987A500B61AE1 /* TelstraCodingChallenge */ = {
			isa = PBXNativeTarget;
			buildConfigurationList = FF629990257987AA00B61AE1 /* Build configuration list for PBXNativeTarget "TelstraCodingChallenge" */;
			buildPhases = (
				FF62996D257987A500B61AE1 /* Sources */,
				FF62996E257987A500B61AE1 /* Frameworks */,
				FF62996F257987A500B61AE1 /* Resources */,
				FF629996257988D700B61AE1 /* Run SwiftLint */,
				FF629997257988EB00B61AE1 /* Run SwiftFormat */,
			);
			buildRules = (
			);
			dependencies = (
			);
			name = TelstraCodingChallenge;
			productName = TelstraCodingChallenge;
			productReference = FF629971257987A500B61AE1 /* TelstraCodingChallenge.app */;
			productType = "com.apple.product-type.application";
		};
		FF629986257987AA00B61AE1 /* TelstraCodingChallengeTests */ = {
			isa = PBXNativeTarget;
			buildConfigurationList = FF629993257987AA00B61AE1 /* Build configuration list for PBXNativeTarget "TelstraCodingChallengeTests" */;
			buildPhases = (
				FF629983257987AA00B61AE1 /* Sources */,
				FF629984257987AA00B61AE1 /* Frameworks */,
				FF629985257987AA00B61AE1 /* Resources */,
			);
			buildRules = (
			);
			dependencies = (
				FF629989257987AA00B61AE1 /* PBXTargetDependency */,
			);
			name = TelstraCodingChallengeTests;
			productName = TelstraCodingChallengeTests;
			productReference = FF629987257987AA00B61AE1 /* TelstraCodingChallengeTests.xctest */;
			productType = "com.apple.product-type.bundle.unit-test";
		};
/* End PBXNativeTarget section */

/* Begin PBXProject section */
		FF629969257987A400B61AE1 /* Project object */ = {
			isa = PBXProject;
			attributes = {
				LastSwiftUpdateCheck = 1120;
				LastUpgradeCheck = 1120;
				ORGANIZATIONNAME = "Mathew, Noble";
				TargetAttributes = {
					FF629970257987A500B61AE1 = {
						CreatedOnToolsVersion = 11.2.1;
					};
					FF629986257987AA00B61AE1 = {
						CreatedOnToolsVersion = 11.2.1;
						TestTargetID = FF629970257987A500B61AE1;
					};
				};
			};
			buildConfigurationList = FF62996C257987A400B61AE1 /* Build configuration list for PBXProject "TelstraCodingChallenge" */;
			compatibilityVersion = "Xcode 9.3";
			developmentRegion = en;
			hasScannedForEncodings = 0;
			knownRegions = (
				en,
				Base,
			);
			mainGroup = FF629968257987A400B61AE1;
			productRefGroup = FF629972257987A500B61AE1 /* Products */;
			projectDirPath = "";
			projectRoot = "";
			targets = (
				FF629970257987A500B61AE1 /* TelstraCodingChallenge */,
				FF629986257987AA00B61AE1 /* TelstraCodingChallengeTests */,
			);
		};
/* End PBXProject section */

/* Begin PBXResourcesBuildPhase section */
		FF62996F257987A500B61AE1 /* Resources */ = {
			isa = PBXResourcesBuildPhase;
			buildActionMask = 2147483647;
			files = (
				FF629981257987A900B61AE1 /* LaunchScreen.storyboard in Resources */,
				FF62997E257987A900B61AE1 /* Assets.xcassets in Resources */,
			);
			runOnlyForDeploymentPostprocessing = 0;
		};
		FF629985257987AA00B61AE1 /* Resources */ = {
			isa = PBXResourcesBuildPhase;
			buildActionMask = 2147483647;
			files = (
			);
			runOnlyForDeploymentPostprocessing = 0;
		};
/* End PBXResourcesBuildPhase section */

/* Begin PBXShellScriptBuildPhase section */
		FF629996257988D700B61AE1 /* Run SwiftLint */ = {
			isa = PBXShellScriptBuildPhase;
			buildActionMask = 2147483647;
			files = (
			);
			inputFileListPaths = (
			);
			inputPaths = (
			);
			name = "Run SwiftLint";
			outputFileListPaths = (
			);
			outputPaths = (
			);
			runOnlyForDeploymentPostprocessing = 0;
			shellPath = /bin/sh;
			shellScript = "if which swiftlint >/dev/null; then\n  swiftlint\nelse\n  echo \"SwiftLint not installed\"\nfi\n";
		};
		FF629997257988EB00B61AE1 /* Run SwiftFormat */ = {
			isa = PBXShellScriptBuildPhase;
			buildActionMask = 2147483647;
			files = (
			);
			inputFileListPaths = (
			);
			inputPaths = (
			);
			name = "Run SwiftFormat";
			outputFileListPaths = (
			);
			outputPaths = (
			);
			runOnlyForDeploymentPostprocessing = 0;
			shellPath = /bin/sh;
			shellScript = "if which swiftformat >/dev/null; then\n  swiftformat . --config .swiftformat\nelse\n  echo \"SwiftFormat not installed\"\nfi\n";
		};
/* End PBXShellScriptBuildPhase section */

/* Begin PBXSourcesBuildPhase section */
		FF62996D257987A500B61AE1 /* Sources */ = {
			isa = PBXSourcesBuildPhase;
			buildActionMask = 2147483647;
			files = (
				FF6299BB25798BAF00B61AE1 /* UIImageView+Extensions.swift in Sources */,
				FF6299B225798B9E00B61AE1 /* Reusable.swift in Sources */,
				FF6299A525798B7900B61AE1 /* TitleDisplaying.swift in Sources */,
				FF6299A325798B7900B61AE1 /* Display.swift in Sources */,
				FF629975257987A500B61AE1 /* AppDelegate.swift in Sources */,
				FF6299AE25798B8E00B61AE1 /* HTTPMethod.swift in Sources */,
				FF62999D25798B6400B61AE1 /* Localizable.swift in Sources */,
				FF6299AD25798B8E00B61AE1 /* APIManaging.swift in Sources */,
				FF6299AB25798B8E00B61AE1 /* DataResult.swift in Sources */,
				FF62999C25798B6400B61AE1 /* Actions.swift in Sources */,
				FF6299A425798B7900B61AE1 /* LoadingDisplaying.swift in Sources */,
				FF6299AC25798B8E00B61AE1 /* API.swift in Sources */,
				FF62999E25798B6400B61AE1 /* Optional+isNil.swift in Sources */,
				FF6299BA25798BAF00B61AE1 /* UIView+Embed.swift in Sources */,
				FF6299B325798B9E00B61AE1 /* CellDisplayable.swift in Sources */,
				FF6299C425798E0500B61AE1 /* NoDataTableViewCell.swift in Sources */,
				FF6299BD25798BAF00B61AE1 /* UIColor+Extensions.swift in Sources */,
				FF6299BE25798BAF00B61AE1 /* UIFont+Extensions.swift in Sources */,
				FF6299BC25798BAF00B61AE1 /* UIRefreshControl+Extensions.swift in Sources */,
			);
			runOnlyForDeploymentPostprocessing = 0;
		};
		FF629983257987AA00B61AE1 /* Sources */ = {
			isa = PBXSourcesBuildPhase;
			buildActionMask = 2147483647;
			files = (
				FF62998C257987AA00B61AE1 /* TelstraCodingChallengeTests.swift in Sources */,
			);
			runOnlyForDeploymentPostprocessing = 0;
		};
/* End PBXSourcesBuildPhase section */

/* Begin PBXTargetDependency section */
		FF629989257987AA00B61AE1 /* PBXTargetDependency */ = {
			isa = PBXTargetDependency;
			target = FF629970257987A500B61AE1 /* TelstraCodingChallenge */;
			targetProxy = FF629988257987AA00B61AE1 /* PBXContainerItemProxy */;
		};
/* End PBXTargetDependency section */

/* Begin PBXVariantGroup section */
		FF62997F257987A900B61AE1 /* LaunchScreen.storyboard */ = {
			isa = PBXVariantGroup;
			children = (
				FF629980257987A900B61AE1 /* Base */,
			);
			name = LaunchScreen.storyboard;
			sourceTree = "<group>";
		};
/* End PBXVariantGroup section */

/* Begin XCBuildConfiguration section */
		FF62998E257987AA00B61AE1 /* Debug */ = {
			isa = XCBuildConfiguration;
			buildSettings = {
				ALWAYS_SEARCH_USER_PATHS = NO;
				CLANG_ANALYZER_NONNULL = YES;
				CLANG_ANALYZER_NUMBER_OBJECT_CONVERSION = YES_AGGRESSIVE;
				CLANG_CXX_LANGUAGE_STANDARD = "gnu++14";
				CLANG_CXX_LIBRARY = "libc++";
				CLANG_ENABLE_MODULES = YES;
				CLANG_ENABLE_OBJC_ARC = YES;
				CLANG_ENABLE_OBJC_WEAK = YES;
				CLANG_WARN_BLOCK_CAPTURE_AUTORELEASING = YES;
				CLANG_WARN_BOOL_CONVERSION = YES;
				CLANG_WARN_COMMA = YES;
				CLANG_WARN_CONSTANT_CONVERSION = YES;
				CLANG_WARN_DEPRECATED_OBJC_IMPLEMENTATIONS = YES;
				CLANG_WARN_DIRECT_OBJC_ISA_USAGE = YES_ERROR;
				CLANG_WARN_DOCUMENTATION_COMMENTS = YES;
				CLANG_WARN_EMPTY_BODY = YES;
				CLANG_WARN_ENUM_CONVERSION = YES;
				CLANG_WARN_INFINITE_RECURSION = YES;
				CLANG_WARN_INT_CONVERSION = YES;
				CLANG_WARN_NON_LITERAL_NULL_CONVERSION = YES;
				CLANG_WARN_OBJC_IMPLICIT_RETAIN_SELF = YES;
				CLANG_WARN_OBJC_LITERAL_CONVERSION = YES;
				CLANG_WARN_OBJC_ROOT_CLASS = YES_ERROR;
				CLANG_WARN_RANGE_LOOP_ANALYSIS = YES;
				CLANG_WARN_STRICT_PROTOTYPES = YES;
				CLANG_WARN_SUSPICIOUS_MOVE = YES;
				CLANG_WARN_UNGUARDED_AVAILABILITY = YES_AGGRESSIVE;
				CLANG_WARN_UNREACHABLE_CODE = YES;
				CLANG_WARN__DUPLICATE_METHOD_MATCH = YES;
				COPY_PHASE_STRIP = NO;
				DEBUG_INFORMATION_FORMAT = dwarf;
				ENABLE_STRICT_OBJC_MSGSEND = YES;
				ENABLE_TESTABILITY = YES;
				GCC_C_LANGUAGE_STANDARD = gnu11;
				GCC_DYNAMIC_NO_PIC = NO;
				GCC_NO_COMMON_BLOCKS = YES;
				GCC_OPTIMIZATION_LEVEL = 0;
				GCC_PREPROCESSOR_DEFINITIONS = (
					"DEBUG=1",
					"$(inherited)",
				);
				GCC_WARN_64_TO_32_BIT_CONVERSION = YES;
				GCC_WARN_ABOUT_RETURN_TYPE = YES_ERROR;
				GCC_WARN_UNDECLARED_SELECTOR = YES;
				GCC_WARN_UNINITIALIZED_AUTOS = YES_AGGRESSIVE;
				GCC_WARN_UNUSED_FUNCTION = YES;
				GCC_WARN_UNUSED_VARIABLE = YES;
				IPHONEOS_DEPLOYMENT_TARGET = 13.2;
				MTL_ENABLE_DEBUG_INFO = INCLUDE_SOURCE;
				MTL_FAST_MATH = YES;
				ONLY_ACTIVE_ARCH = YES;
				SDKROOT = iphoneos;
				SWIFT_ACTIVE_COMPILATION_CONDITIONS = DEBUG;
				SWIFT_OPTIMIZATION_LEVEL = "-Onone";
			};
			name = Debug;
		};
		FF62998F257987AA00B61AE1 /* Release */ = {
			isa = XCBuildConfiguration;
			buildSettings = {
				ALWAYS_SEARCH_USER_PATHS = NO;
				CLANG_ANALYZER_NONNULL = YES;
				CLANG_ANALYZER_NUMBER_OBJECT_CONVERSION = YES_AGGRESSIVE;
				CLANG_CXX_LANGUAGE_STANDARD = "gnu++14";
				CLANG_CXX_LIBRARY = "libc++";
				CLANG_ENABLE_MODULES = YES;
				CLANG_ENABLE_OBJC_ARC = YES;
				CLANG_ENABLE_OBJC_WEAK = YES;
				CLANG_WARN_BLOCK_CAPTURE_AUTORELEASING = YES;
				CLANG_WARN_BOOL_CONVERSION = YES;
				CLANG_WARN_COMMA = YES;
				CLANG_WARN_CONSTANT_CONVERSION = YES;
				CLANG_WARN_DEPRECATED_OBJC_IMPLEMENTATIONS = YES;
				CLANG_WARN_DIRECT_OBJC_ISA_USAGE = YES_ERROR;
				CLANG_WARN_DOCUMENTATION_COMMENTS = YES;
				CLANG_WARN_EMPTY_BODY = YES;
				CLANG_WARN_ENUM_CONVERSION = YES;
				CLANG_WARN_INFINITE_RECURSION = YES;
				CLANG_WARN_INT_CONVERSION = YES;
				CLANG_WARN_NON_LITERAL_NULL_CONVERSION = YES;
				CLANG_WARN_OBJC_IMPLICIT_RETAIN_SELF = YES;
				CLANG_WARN_OBJC_LITERAL_CONVERSION = YES;
				CLANG_WARN_OBJC_ROOT_CLASS = YES_ERROR;
				CLANG_WARN_RANGE_LOOP_ANALYSIS = YES;
				CLANG_WARN_STRICT_PROTOTYPES = YES;
				CLANG_WARN_SUSPICIOUS_MOVE = YES;
				CLANG_WARN_UNGUARDED_AVAILABILITY = YES_AGGRESSIVE;
				CLANG_WARN_UNREACHABLE_CODE = YES;
				CLANG_WARN__DUPLICATE_METHOD_MATCH = YES;
				COPY_PHASE_STRIP = NO;
				DEBUG_INFORMATION_FORMAT = "dwarf-with-dsym";
				ENABLE_NS_ASSERTIONS = NO;
				ENABLE_STRICT_OBJC_MSGSEND = YES;
				GCC_C_LANGUAGE_STANDARD = gnu11;
				GCC_NO_COMMON_BLOCKS = YES;
				GCC_WARN_64_TO_32_BIT_CONVERSION = YES;
				GCC_WARN_ABOUT_RETURN_TYPE = YES_ERROR;
				GCC_WARN_UNDECLARED_SELECTOR = YES;
				GCC_WARN_UNINITIALIZED_AUTOS = YES_AGGRESSIVE;
				GCC_WARN_UNUSED_FUNCTION = YES;
				GCC_WARN_UNUSED_VARIABLE = YES;
				IPHONEOS_DEPLOYMENT_TARGET = 13.2;
				MTL_ENABLE_DEBUG_INFO = NO;
				MTL_FAST_MATH = YES;
				SDKROOT = iphoneos;
				SWIFT_COMPILATION_MODE = wholemodule;
				SWIFT_OPTIMIZATION_LEVEL = "-O";
				VALIDATE_PRODUCT = YES;
			};
			name = Release;
		};
		FF629991257987AA00B61AE1 /* Debug */ = {
			isa = XCBuildConfiguration;
			buildSettings = {
				ASSETCATALOG_COMPILER_APPICON_NAME = AppIcon;
				CODE_SIGN_STYLE = Automatic;
				DEVELOPMENT_TEAM = 6W84TNNHD6;
				INFOPLIST_FILE = TelstraCodingChallenge/Info.plist;
				IPHONEOS_DEPLOYMENT_TARGET = 11.0;
				LD_RUNPATH_SEARCH_PATHS = (
					"$(inherited)",
					"@executable_path/Frameworks",
				);
				PRODUCT_BUNDLE_IDENTIFIER = com.ntech.TelstraCodingChallenge;
				PRODUCT_NAME = "$(TARGET_NAME)";
				SWIFT_VERSION = 5.0;
				TARGETED_DEVICE_FAMILY = "1,2";
			};
			name = Debug;
		};
		FF629992257987AA00B61AE1 /* Release */ = {
			isa = XCBuildConfiguration;
			buildSettings = {
				ASSETCATALOG_COMPILER_APPICON_NAME = AppIcon;
				CODE_SIGN_STYLE = Automatic;
				DEVELOPMENT_TEAM = 6W84TNNHD6;
				INFOPLIST_FILE = TelstraCodingChallenge/Info.plist;
				IPHONEOS_DEPLOYMENT_TARGET = 11.0;
				LD_RUNPATH_SEARCH_PATHS = (
					"$(inherited)",
					"@executable_path/Frameworks",
				);
				PRODUCT_BUNDLE_IDENTIFIER = com.ntech.TelstraCodingChallenge;
				PRODUCT_NAME = "$(TARGET_NAME)";
				SWIFT_VERSION = 5.0;
				TARGETED_DEVICE_FAMILY = "1,2";
			};
			name = Release;
		};
		FF629994257987AA00B61AE1 /* Debug */ = {
			isa = XCBuildConfiguration;
			buildSettings = {
				ALWAYS_EMBED_SWIFT_STANDARD_LIBRARIES = YES;
				BUNDLE_LOADER = "$(TEST_HOST)";
				CODE_SIGN_STYLE = Automatic;
				DEVELOPMENT_TEAM = 6W84TNNHD6;
				INFOPLIST_FILE = TelstraCodingChallengeTests/Info.plist;
				IPHONEOS_DEPLOYMENT_TARGET = 13.2;
				LD_RUNPATH_SEARCH_PATHS = (
					"$(inherited)",
					"@executable_path/Frameworks",
					"@loader_path/Frameworks",
				);
				PRODUCT_BUNDLE_IDENTIFIER = com.ntech.TelstraCodingChallengeTests;
				PRODUCT_NAME = "$(TARGET_NAME)";
				SWIFT_VERSION = 5.0;
				TARGETED_DEVICE_FAMILY = "1,2";
				TEST_HOST = "$(BUILT_PRODUCTS_DIR)/TelstraCodingChallenge.app/TelstraCodingChallenge";
			};
			name = Debug;
		};
		FF629995257987AA00B61AE1 /* Release */ = {
			isa = XCBuildConfiguration;
			buildSettings = {
				ALWAYS_EMBED_SWIFT_STANDARD_LIBRARIES = YES;
				BUNDLE_LOADER = "$(TEST_HOST)";
				CODE_SIGN_STYLE = Automatic;
				DEVELOPMENT_TEAM = 6W84TNNHD6;
				INFOPLIST_FILE = TelstraCodingChallengeTests/Info.plist;
				IPHONEOS_DEPLOYMENT_TARGET = 13.2;
				LD_RUNPATH_SEARCH_PATHS = (
					"$(inherited)",
					"@executable_path/Frameworks",
					"@loader_path/Frameworks",
				);
				PRODUCT_BUNDLE_IDENTIFIER = com.ntech.TelstraCodingChallengeTests;
				PRODUCT_NAME = "$(TARGET_NAME)";
				SWIFT_VERSION = 5.0;
				TARGETED_DEVICE_FAMILY = "1,2";
				TEST_HOST = "$(BUILT_PRODUCTS_DIR)/TelstraCodingChallenge.app/TelstraCodingChallenge";
			};
			name = Release;
		};
/* End XCBuildConfiguration section */

/* Begin XCConfigurationList section */
		FF62996C257987A400B61AE1 /* Build configuration list for PBXProject "TelstraCodingChallenge" */ = {
			isa = XCConfigurationList;
			buildConfigurations = (
				FF62998E257987AA00B61AE1 /* Debug */,
				FF62998F257987AA00B61AE1 /* Release */,
			);
			defaultConfigurationIsVisible = 0;
			defaultConfigurationName = Release;
		};
		FF629990257987AA00B61AE1 /* Build configuration list for PBXNativeTarget "TelstraCodingChallenge" */ = {
			isa = XCConfigurationList;
			buildConfigurations = (
				FF629991257987AA00B61AE1 /* Debug */,
				FF629992257987AA00B61AE1 /* Release */,
			);
			defaultConfigurationIsVisible = 0;
			defaultConfigurationName = Release;
		};
		FF629993257987AA00B61AE1 /* Build configuration list for PBXNativeTarget "TelstraCodingChallengeTests" */ = {
			isa = XCConfigurationList;
			buildConfigurations = (
				FF629994257987AA00B61AE1 /* Debug */,
				FF629995257987AA00B61AE1 /* Release */,
			);
			defaultConfigurationIsVisible = 0;
			defaultConfigurationName = Release;
		};
/* End XCConfigurationList section */
	};
	rootObject = FF629969257987A400B61AE1 /* Project object */;
}
